
Microsoft Visual Studio Solution File, Format Version 12.00
# Visual Studio 15
VisualStudioVersion = 15.0.27703.2035
MinimumVisualStudioVersion = 10.0.40219.1
Project("{9A19103F-16F7-4668-BE54-9A1E7A4F7556}") = "DailyTool", "DailyTool.csproj", "{899452E8-9B26-427B-A6A0-C4FC75847AD1}"
EndProject
Project("{FAE04EC0-301F-11D3-BF4B-00C04F79EFBC}") = "DTModels", "..\DTModels\DTModels.csproj", "{6792F912-F676-4B9D-9677-E149FB72E522}"
EndProject
Project("{FAE04EC0-301F-11D3-BF4B-00C04F79EFBC}") = "DTValueObject", "..\DTValueObject\DTValueObject.csproj", "{8070011A-2605-4828-B61C-C3BC3ED92B42}"
EndProject
Global
	GlobalSection(SolutionConfigurationPlatforms) = preSolution
		Debug|Any CPU = Debug|Any CPU
		Release|Any CPU = Release|Any CPU
	EndGlobalSection
	GlobalSection(ProjectConfigurationPlatforms) = postSolution
		{899452E8-9B26-427B-A6A0-C4FC75847AD1}.Debug|Any CPU.ActiveCfg = Debug|Any CPU
		{899452E8-9B26-427B-A6A0-C4FC75847AD1}.Debug|Any CPU.Build.0 = Debug|Any CPU
		{899452E8-9B26-427B-A6A0-C4FC75847AD1}.Release|Any CPU.ActiveCfg = Release|Any CPU
		{899452E8-9B26-427B-A6A0-C4FC75847AD1}.Release|Any CPU.Build.0 = Release|Any CPU
		{6792F912-F676-4B9D-9677-E149FB72E522}.Debug|Any CPU.ActiveCfg = Debug|Any CPU
		{6792F912-F676-4B9D-9677-E149FB72E522}.Debug|Any CPU.Build.0 = Debug|Any CPU
		{6792F912-F676-4B9D-9677-E149FB72E522}.Release|Any CPU.ActiveCfg = Release|Any CPU
		{6792F912-F676-4B9D-9677-E149FB72E522}.Release|Any CPU.Build.0 = Release|Any CPU
		{8070011A-2605-4828-B61C-C3BC3ED92B42}.Debug|Any CPU.ActiveCfg = Debug|Any CPU
		{8070011A-2605-4828-B61C-C3BC3ED92B42}.Debug|Any CPU.Build.0 = Debug|Any CPU
		{8070011A-2605-4828-B61C-C3BC3ED92B42}.Release|Any CPU.ActiveCfg = Release|Any CPU
		{8070011A-2605-4828-B61C-C3BC3ED92B42}.Release|Any CPU.Build.0 = Release|Any CPU
	EndGlobalSection
	GlobalSection(SolutionProperties) = preSolution
		HideSolutionNode = FALSE
	EndGlobalSection
	GlobalSection(ExtensibilityGlobals) = postSolution
		SolutionGuid = {61903F7E-A821-4DD9-9427-50CE430B25DF}
	EndGlobalSection
EndGlobal
